// !$*UTF8*$!
{
	archiveVersion = 1;
	classes = {
	};
	objectVersion = 51;
	objects = {

/* Begin PBXBuildFile section */
		6B0EBBC55616529DE980971C /* Pods_RickAndMortyFlexx.framework in Frameworks */ = {isa = PBXBuildFile; fileRef = 9AD834D495ED72AE18CE8ACA /* Pods_RickAndMortyFlexx.framework */; };
		A56AA74C26013B9A0070A8AF /* AppDelegate.swift in Sources */ = {isa = PBXBuildFile; fileRef = A56AA74B26013B9A0070A8AF /* AppDelegate.swift */; };
		A56AA75026013B9A0070A8AF /* CharacterFeedViewController.swift in Sources */ = {isa = PBXBuildFile; fileRef = A56AA74F26013B9A0070A8AF /* CharacterFeedViewController.swift */; };
		A56AA75326013B9A0070A8AF /* Main.storyboard in Resources */ = {isa = PBXBuildFile; fileRef = A56AA75126013B9A0070A8AF /* Main.storyboard */; };
		A56AA75526013B9B0070A8AF /* Assets.xcassets in Resources */ = {isa = PBXBuildFile; fileRef = A56AA75426013B9B0070A8AF /* Assets.xcassets */; };
		A56AA75826013B9B0070A8AF /* LaunchScreen.storyboard in Resources */ = {isa = PBXBuildFile; fileRef = A56AA75626013B9B0070A8AF /* LaunchScreen.storyboard */; };
		A56AA76926013D1F0070A8AF /* MultiMoyaProvider.swift in Sources */ = {isa = PBXBuildFile; fileRef = A56AA76826013D1F0070A8AF /* MultiMoyaProvider.swift */; };
		A56AA76F26013E970070A8AF /* Character.swift in Sources */ = {isa = PBXBuildFile; fileRef = A56AA76E26013E970070A8AF /* Character.swift */; };
		A56AA7732601409B0070A8AF /* Episode.swift in Sources */ = {isa = PBXBuildFile; fileRef = A56AA7722601409B0070A8AF /* Episode.swift */; };
		A56AA776260141560070A8AF /* Location.swift in Sources */ = {isa = PBXBuildFile; fileRef = A56AA775260141560070A8AF /* Location.swift */; };
		A56AA77F26016FDC0070A8AF /* CharacterTarget.swift in Sources */ = {isa = PBXBuildFile; fileRef = A56AA77E26016FDC0070A8AF /* CharacterTarget.swift */; };
		A56AA785260231720070A8AF /* APIManager.swift in Sources */ = {isa = PBXBuildFile; fileRef = A56AA784260231720070A8AF /* APIManager.swift */; };
		A56AA78926023DA60070A8AF /* InfoModel.swift in Sources */ = {isa = PBXBuildFile; fileRef = A56AA78826023DA60070A8AF /* InfoModel.swift */; };
		A56AA7B226061FC30070A8AF /* Array+Extensions.swift in Sources */ = {isa = PBXBuildFile; fileRef = A56AA7B126061FC30070A8AF /* Array+Extensions.swift */; };
		A56AA7B62606296D0070A8AF /* EpisodeTarget.swift in Sources */ = {isa = PBXBuildFile; fileRef = A56AA7B52606296D0070A8AF /* EpisodeTarget.swift */; };
		A56AA7B92606297D0070A8AF /* LocationTarget.swift in Sources */ = {isa = PBXBuildFile; fileRef = A56AA7B82606297D0070A8AF /* LocationTarget.swift */; };
		A56AA7CD2608CC840070A8AF /* Single+Decodable.swift in Sources */ = {isa = PBXBuildFile; fileRef = A56AA7CC2608CC840070A8AF /* Single+Decodable.swift */; };
		A56AA7D82608DB970070A8AF /* APIError.swift in Sources */ = {isa = PBXBuildFile; fileRef = A56AA7D72608DB970070A8AF /* APIError.swift */; };
		A56AA805260E1C430070A8AF /* DBManager.swift in Sources */ = {isa = PBXBuildFile; fileRef = A56AA804260E1C430070A8AF /* DBManager.swift */; };
		A56AA80B260E4D420070A8AF /* Realm+Write.swift in Sources */ = {isa = PBXBuildFile; fileRef = A56AA80A260E4D420070A8AF /* Realm+Write.swift */; };
		A56AA80E260F67B80070A8AF /* String+Extensions.swift in Sources */ = {isa = PBXBuildFile; fileRef = A56AA80D260F67B80070A8AF /* String+Extensions.swift */; };
		A56AA811260F83F30070A8AF /* IDInitable.swift in Sources */ = {isa = PBXBuildFile; fileRef = A56AA810260F83F30070A8AF /* IDInitable.swift */; };
		A56AA8282610C28E0070A8AF /* AppAssembly.swift in Sources */ = {isa = PBXBuildFile; fileRef = A56AA8272610C28E0070A8AF /* AppAssembly.swift */; };
		A56AA8312610C34D0070A8AF /* RMService.swift in Sources */ = {isa = PBXBuildFile; fileRef = A56AA8302610C34D0070A8AF /* RMService.swift */; };
		A56AA8352610C40E0070A8AF /* AppDependecies.swift in Sources */ = {isa = PBXBuildFile; fileRef = A56AA8342610C40E0070A8AF /* AppDependecies.swift */; };
		A56AA8422610C56D0070A8AF /* HasRMService.swift in Sources */ = {isa = PBXBuildFile; fileRef = A56AA8412610C56D0070A8AF /* HasRMService.swift */; };
		A56AA84A2612113F0070A8AF /* AppCoordinator.swift in Sources */ = {isa = PBXBuildFile; fileRef = A56AA8492612113F0070A8AF /* AppCoordinator.swift */; };
		A56AA84E2612125C0070A8AF /* Coordinatable.swift in Sources */ = {isa = PBXBuildFile; fileRef = A56AA84D2612125C0070A8AF /* Coordinatable.swift */; };
		A56AA851261213630070A8AF /* Routable.swift in Sources */ = {isa = PBXBuildFile; fileRef = A56AA850261213630070A8AF /* Routable.swift */; };
		A56AA85C261214540070A8AF /* Coordinator.swift in Sources */ = {isa = PBXBuildFile; fileRef = A56AA85B261214540070A8AF /* Coordinator.swift */; };
		A56AA85F2612146F0070A8AF /* Transition.swift in Sources */ = {isa = PBXBuildFile; fileRef = A56AA85E2612146F0070A8AF /* Transition.swift */; };
		A56AA863261214E90070A8AF /* PushTransition.swift in Sources */ = {isa = PBXBuildFile; fileRef = A56AA862261214E90070A8AF /* PushTransition.swift */; };
		A56AA868261216340070A8AF /* ModalTransition.swift in Sources */ = {isa = PBXBuildFile; fileRef = A56AA867261216340070A8AF /* ModalTransition.swift */; };
		A56AA86B2612164C0070A8AF /* SetTransition.swift in Sources */ = {isa = PBXBuildFile; fileRef = A56AA86A2612164C0070A8AF /* SetTransition.swift */; };
		A56AA86F26121EEB0070A8AF /* Storyboard.swift in Sources */ = {isa = PBXBuildFile; fileRef = A56AA86E26121EEB0070A8AF /* Storyboard.swift */; };
		A56AA87326121F660070A8AF /* BaseTabBarCoordinator.swift in Sources */ = {isa = PBXBuildFile; fileRef = A56AA87226121F660070A8AF /* BaseTabBarCoordinator.swift */; };
		A56AA8792614B9F40070A8AF /* BaseViewController.swift in Sources */ = {isa = PBXBuildFile; fileRef = A56AA8782614B9F40070A8AF /* BaseViewController.swift */; };
		A56AA87D2614BA070070A8AF /* BaseViewModel.swift in Sources */ = {isa = PBXBuildFile; fileRef = A56AA87C2614BA070070A8AF /* BaseViewModel.swift */; };
		A56AA8812614BA890070A8AF /* UIViewController+Extensions.swift in Sources */ = {isa = PBXBuildFile; fileRef = A56AA8802614BA890070A8AF /* UIViewController+Extensions.swift */; };
		A56AA8892614BDA30070A8AF /* ChatacterViewModel.swift in Sources */ = {isa = PBXBuildFile; fileRef = A56AA8882614BDA30070A8AF /* ChatacterViewModel.swift */; };
		A56AA88D2614BE1A0070A8AF /* CharacterCoordinator.swift in Sources */ = {isa = PBXBuildFile; fileRef = A56AA88C2614BE1A0070A8AF /* CharacterCoordinator.swift */; };
		A5A47CFD2629C23100E1E570 /* LocationCoordinator.swift in Sources */ = {isa = PBXBuildFile; fileRef = A5A47CFC2629C23100E1E570 /* LocationCoordinator.swift */; };
		A5E5A4F4261B355E008CEAC9 /* Reachability+Rx.swift in Sources */ = {isa = PBXBuildFile; fileRef = A5E5A4F3261B355E008CEAC9 /* Reachability+Rx.swift */; };
		A5E5A4F7261B6AD8008CEAC9 /* BaseCollectionViewCell.swift in Sources */ = {isa = PBXBuildFile; fileRef = A5E5A4F6261B6AD8008CEAC9 /* BaseCollectionViewCell.swift */; };
		A5E5A4FA261B6B30008CEAC9 /* BaseCellModel.swift in Sources */ = {isa = PBXBuildFile; fileRef = A5E5A4F9261B6B30008CEAC9 /* BaseCellModel.swift */; };
		A5E5A506261B7C6F008CEAC9 /* CharacterCell.swift in Sources */ = {isa = PBXBuildFile; fileRef = A5E5A504261B7C6F008CEAC9 /* CharacterCell.swift */; };
		A5E5A507261B7C6F008CEAC9 /* CharacterCell.xib in Resources */ = {isa = PBXBuildFile; fileRef = A5E5A505261B7C6F008CEAC9 /* CharacterCell.xib */; };
		A5E5A50C261B9514008CEAC9 /* CharacterCellModel.swift in Sources */ = {isa = PBXBuildFile; fileRef = A5E5A50B261B9514008CEAC9 /* CharacterCellModel.swift */; };
		A5E5A51C261E076D008CEAC9 /* ErrorView.xib in Resources */ = {isa = PBXBuildFile; fileRef = A5E5A51B261E076D008CEAC9 /* ErrorView.xib */; };
		A5E5A51F261E0778008CEAC9 /* ErrorView.swift in Sources */ = {isa = PBXBuildFile; fileRef = A5E5A51E261E0778008CEAC9 /* ErrorView.swift */; };
		A5E5A528261F57D8008CEAC9 /* CharacterDetailViewModel.swift in Sources */ = {isa = PBXBuildFile; fileRef = A5E5A527261F57D8008CEAC9 /* CharacterDetailViewModel.swift */; };
		A5E5A52B261F60B2008CEAC9 /* CharacterDetailViewController.swift in Sources */ = {isa = PBXBuildFile; fileRef = A5E5A52A261F60B2008CEAC9 /* CharacterDetailViewController.swift */; };
		A5E5A52E261F80F9008CEAC9 /* UIColor+.swift in Sources */ = {isa = PBXBuildFile; fileRef = A5E5A52D261F80F9008CEAC9 /* UIColor+.swift */; };
		A5E5A531261F8CF6008CEAC9 /* rm_font.ttf in Resources */ = {isa = PBXBuildFile; fileRef = A5E5A530261F8CF6008CEAC9 /* rm_font.ttf */; };
		A5E5A536261FC909008CEAC9 /* UIFont+.swift in Sources */ = {isa = PBXBuildFile; fileRef = A5E5A535261FC909008CEAC9 /* UIFont+.swift */; };
		A5E5A5892620CD8E008CEAC9 /* BaseTableViewCell.swift in Sources */ = {isa = PBXBuildFile; fileRef = A5E5A5882620CD8E008CEAC9 /* BaseTableViewCell.swift */; };
		A5E5A59A26210BFF008CEAC9 /* CharacterDetailCellModel.swift in Sources */ = {isa = PBXBuildFile; fileRef = A5E5A59926210BFF008CEAC9 /* CharacterDetailCellModel.swift */; };
		A5E5A5A326210E99008CEAC9 /* CharacterDetailCell.swift in Sources */ = {isa = PBXBuildFile; fileRef = A5E5A5A126210E99008CEAC9 /* CharacterDetailCell.swift */; };
		A5E5A5A426210E99008CEAC9 /* CharacterDetailCell.xib in Resources */ = {isa = PBXBuildFile; fileRef = A5E5A5A226210E99008CEAC9 /* CharacterDetailCell.xib */; };
		A5E5A5A9262239BB008CEAC9 /* DiffDataSource+Rx.swift in Sources */ = {isa = PBXBuildFile; fileRef = A5E5A5A8262239BB008CEAC9 /* DiffDataSource+Rx.swift */; };
		A5E5A5B026233A29008CEAC9 /* LoadingCellModel.swift in Sources */ = {isa = PBXBuildFile; fileRef = A5E5A5AF26233A29008CEAC9 /* LoadingCellModel.swift */; };
		A5E5A5B526233AA7008CEAC9 /* LoadingCellCollectionViewCell.swift in Sources */ = {isa = PBXBuildFile; fileRef = A5E5A5B326233AA7008CEAC9 /* LoadingCellCollectionViewCell.swift */; };
		A5E5A5B626233AA7008CEAC9 /* LoadingCellCollectionViewCell.xib in Resources */ = {isa = PBXBuildFile; fileRef = A5E5A5B426233AA7008CEAC9 /* LoadingCellCollectionViewCell.xib */; };
		A5E5A5C12627B7DA008CEAC9 /* EpisodeCharacterCell.swift in Sources */ = {isa = PBXBuildFile; fileRef = A5E5A5BF2627B7D9008CEAC9 /* EpisodeCharacterCell.swift */; };
		A5E5A5C22627B7DA008CEAC9 /* EpisodeCharacterCell.xib in Resources */ = {isa = PBXBuildFile; fileRef = A5E5A5C02627B7D9008CEAC9 /* EpisodeCharacterCell.xib */; };
		A5E5A5C62627BBBA008CEAC9 /* EpisodeCharacterCellModel.swift in Sources */ = {isa = PBXBuildFile; fileRef = A5E5A5C52627BBBA008CEAC9 /* EpisodeCharacterCellModel.swift */; };
		A5E5A5CC262876E8008CEAC9 /* BaseReusableView.swift in Sources */ = {isa = PBXBuildFile; fileRef = A5E5A5CB262876E7008CEAC9 /* BaseReusableView.swift */; };
		A5E5A5D126287779008CEAC9 /* EpisodeReusableHeader.swift in Sources */ = {isa = PBXBuildFile; fileRef = A5E5A5CF26287779008CEAC9 /* EpisodeReusableHeader.swift */; };
		A5E5A5D226287779008CEAC9 /* EpisodeReusableHeader.xib in Resources */ = {isa = PBXBuildFile; fileRef = A5E5A5D026287779008CEAC9 /* EpisodeReusableHeader.xib */; };
/* End PBXBuildFile section */

/* Begin PBXFileReference section */
		9AD834D495ED72AE18CE8ACA /* Pods_RickAndMortyFlexx.framework */ = {isa = PBXFileReference; explicitFileType = wrapper.framework; includeInIndex = 0; path = Pods_RickAndMortyFlexx.framework; sourceTree = BUILT_PRODUCTS_DIR; };
		A31CC433F3FAD2B4F826649D /* Pods-RickAndMortyFlexx.debug.xcconfig */ = {isa = PBXFileReference; includeInIndex = 1; lastKnownFileType = text.xcconfig; name = "Pods-RickAndMortyFlexx.debug.xcconfig"; path = "Target Support Files/Pods-RickAndMortyFlexx/Pods-RickAndMortyFlexx.debug.xcconfig"; sourceTree = "<group>"; };
		A56AA74826013B9A0070A8AF /* RickAndMortyFlexx.app */ = {isa = PBXFileReference; explicitFileType = wrapper.application; includeInIndex = 0; path = RickAndMortyFlexx.app; sourceTree = BUILT_PRODUCTS_DIR; };
		A56AA74B26013B9A0070A8AF /* AppDelegate.swift */ = {isa = PBXFileReference; lastKnownFileType = sourcecode.swift; path = AppDelegate.swift; sourceTree = "<group>"; };
		A56AA74F26013B9A0070A8AF /* CharacterFeedViewController.swift */ = {isa = PBXFileReference; lastKnownFileType = sourcecode.swift; path = CharacterFeedViewController.swift; sourceTree = "<group>"; };
		A56AA75226013B9A0070A8AF /* Base */ = {isa = PBXFileReference; lastKnownFileType = file.storyboard; name = Base; path = Base.lproj/Main.storyboard; sourceTree = "<group>"; };
		A56AA75426013B9B0070A8AF /* Assets.xcassets */ = {isa = PBXFileReference; lastKnownFileType = folder.assetcatalog; path = Assets.xcassets; sourceTree = "<group>"; };
		A56AA75726013B9B0070A8AF /* Base */ = {isa = PBXFileReference; lastKnownFileType = file.storyboard; name = Base; path = Base.lproj/LaunchScreen.storyboard; sourceTree = "<group>"; };
		A56AA75926013B9B0070A8AF /* Info.plist */ = {isa = PBXFileReference; lastKnownFileType = text.plist.xml; path = Info.plist; sourceTree = "<group>"; };
		A56AA76826013D1F0070A8AF /* MultiMoyaProvider.swift */ = {isa = PBXFileReference; lastKnownFileType = sourcecode.swift; path = MultiMoyaProvider.swift; sourceTree = "<group>"; };
		A56AA76E26013E970070A8AF /* Character.swift */ = {isa = PBXFileReference; lastKnownFileType = sourcecode.swift; path = Character.swift; sourceTree = "<group>"; };
		A56AA7722601409B0070A8AF /* Episode.swift */ = {isa = PBXFileReference; lastKnownFileType = sourcecode.swift; path = Episode.swift; sourceTree = "<group>"; };
		A56AA775260141560070A8AF /* Location.swift */ = {isa = PBXFileReference; lastKnownFileType = sourcecode.swift; path = Location.swift; sourceTree = "<group>"; };
		A56AA77E26016FDC0070A8AF /* CharacterTarget.swift */ = {isa = PBXFileReference; lastKnownFileType = sourcecode.swift; path = CharacterTarget.swift; sourceTree = "<group>"; };
		A56AA784260231720070A8AF /* APIManager.swift */ = {isa = PBXFileReference; lastKnownFileType = sourcecode.swift; path = APIManager.swift; sourceTree = "<group>"; };
		A56AA78826023DA60070A8AF /* InfoModel.swift */ = {isa = PBXFileReference; lastKnownFileType = sourcecode.swift; path = InfoModel.swift; sourceTree = "<group>"; };
		A56AA7B126061FC30070A8AF /* Array+Extensions.swift */ = {isa = PBXFileReference; lastKnownFileType = sourcecode.swift; path = "Array+Extensions.swift"; sourceTree = "<group>"; };
		A56AA7B52606296D0070A8AF /* EpisodeTarget.swift */ = {isa = PBXFileReference; lastKnownFileType = sourcecode.swift; path = EpisodeTarget.swift; sourceTree = "<group>"; };
		A56AA7B82606297D0070A8AF /* LocationTarget.swift */ = {isa = PBXFileReference; lastKnownFileType = sourcecode.swift; path = LocationTarget.swift; sourceTree = "<group>"; };
		A56AA7CC2608CC840070A8AF /* Single+Decodable.swift */ = {isa = PBXFileReference; lastKnownFileType = sourcecode.swift; path = "Single+Decodable.swift"; sourceTree = "<group>"; };
		A56AA7D72608DB970070A8AF /* APIError.swift */ = {isa = PBXFileReference; lastKnownFileType = sourcecode.swift; path = APIError.swift; sourceTree = "<group>"; };
		A56AA804260E1C430070A8AF /* DBManager.swift */ = {isa = PBXFileReference; lastKnownFileType = sourcecode.swift; path = DBManager.swift; sourceTree = "<group>"; };
		A56AA80A260E4D420070A8AF /* Realm+Write.swift */ = {isa = PBXFileReference; lastKnownFileType = sourcecode.swift; path = "Realm+Write.swift"; sourceTree = "<group>"; };
		A56AA80D260F67B80070A8AF /* String+Extensions.swift */ = {isa = PBXFileReference; lastKnownFileType = sourcecode.swift; path = "String+Extensions.swift"; sourceTree = "<group>"; };
		A56AA810260F83F30070A8AF /* IDInitable.swift */ = {isa = PBXFileReference; lastKnownFileType = sourcecode.swift; path = IDInitable.swift; sourceTree = "<group>"; };
		A56AA8272610C28E0070A8AF /* AppAssembly.swift */ = {isa = PBXFileReference; lastKnownFileType = sourcecode.swift; path = AppAssembly.swift; sourceTree = "<group>"; };
		A56AA8302610C34D0070A8AF /* RMService.swift */ = {isa = PBXFileReference; lastKnownFileType = sourcecode.swift; path = RMService.swift; sourceTree = "<group>"; };
		A56AA8342610C40E0070A8AF /* AppDependecies.swift */ = {isa = PBXFileReference; lastKnownFileType = sourcecode.swift; path = AppDependecies.swift; sourceTree = "<group>"; };
		A56AA8412610C56D0070A8AF /* HasRMService.swift */ = {isa = PBXFileReference; lastKnownFileType = sourcecode.swift; path = HasRMService.swift; sourceTree = "<group>"; };
		A56AA8492612113F0070A8AF /* AppCoordinator.swift */ = {isa = PBXFileReference; lastKnownFileType = sourcecode.swift; path = AppCoordinator.swift; sourceTree = "<group>"; };
		A56AA84D2612125C0070A8AF /* Coordinatable.swift */ = {isa = PBXFileReference; lastKnownFileType = sourcecode.swift; path = Coordinatable.swift; sourceTree = "<group>"; };
		A56AA850261213630070A8AF /* Routable.swift */ = {isa = PBXFileReference; lastKnownFileType = sourcecode.swift; path = Routable.swift; sourceTree = "<group>"; };
		A56AA85B261214540070A8AF /* Coordinator.swift */ = {isa = PBXFileReference; lastKnownFileType = sourcecode.swift; path = Coordinator.swift; sourceTree = "<group>"; };
		A56AA85E2612146F0070A8AF /* Transition.swift */ = {isa = PBXFileReference; lastKnownFileType = sourcecode.swift; path = Transition.swift; sourceTree = "<group>"; };
		A56AA862261214E90070A8AF /* PushTransition.swift */ = {isa = PBXFileReference; lastKnownFileType = sourcecode.swift; path = PushTransition.swift; sourceTree = "<group>"; };
		A56AA867261216340070A8AF /* ModalTransition.swift */ = {isa = PBXFileReference; lastKnownFileType = sourcecode.swift; path = ModalTransition.swift; sourceTree = "<group>"; };
		A56AA86A2612164C0070A8AF /* SetTransition.swift */ = {isa = PBXFileReference; lastKnownFileType = sourcecode.swift; path = SetTransition.swift; sourceTree = "<group>"; };
		A56AA86E26121EEB0070A8AF /* Storyboard.swift */ = {isa = PBXFileReference; lastKnownFileType = sourcecode.swift; path = Storyboard.swift; sourceTree = "<group>"; };
		A56AA87226121F660070A8AF /* BaseTabBarCoordinator.swift */ = {isa = PBXFileReference; lastKnownFileType = sourcecode.swift; path = BaseTabBarCoordinator.swift; sourceTree = "<group>"; };
		A56AA8782614B9F40070A8AF /* BaseViewController.swift */ = {isa = PBXFileReference; lastKnownFileType = sourcecode.swift; path = BaseViewController.swift; sourceTree = "<group>"; };
		A56AA87C2614BA070070A8AF /* BaseViewModel.swift */ = {isa = PBXFileReference; lastKnownFileType = sourcecode.swift; path = BaseViewModel.swift; sourceTree = "<group>"; };
		A56AA8802614BA890070A8AF /* UIViewController+Extensions.swift */ = {isa = PBXFileReference; lastKnownFileType = sourcecode.swift; path = "UIViewController+Extensions.swift"; sourceTree = "<group>"; };
		A56AA8882614BDA30070A8AF /* ChatacterViewModel.swift */ = {isa = PBXFileReference; lastKnownFileType = sourcecode.swift; path = ChatacterViewModel.swift; sourceTree = "<group>"; };
		A56AA88C2614BE1A0070A8AF /* CharacterCoordinator.swift */ = {isa = PBXFileReference; lastKnownFileType = sourcecode.swift; path = CharacterCoordinator.swift; sourceTree = "<group>"; };
		A5A47CFC2629C23100E1E570 /* LocationCoordinator.swift */ = {isa = PBXFileReference; lastKnownFileType = sourcecode.swift; path = LocationCoordinator.swift; sourceTree = "<group>"; };
		A5E5A4F3261B355E008CEAC9 /* Reachability+Rx.swift */ = {isa = PBXFileReference; lastKnownFileType = sourcecode.swift; path = "Reachability+Rx.swift"; sourceTree = "<group>"; };
		A5E5A4F6261B6AD8008CEAC9 /* BaseCollectionViewCell.swift */ = {isa = PBXFileReference; lastKnownFileType = sourcecode.swift; path = BaseCollectionViewCell.swift; sourceTree = "<group>"; };
		A5E5A4F9261B6B30008CEAC9 /* BaseCellModel.swift */ = {isa = PBXFileReference; lastKnownFileType = sourcecode.swift; path = BaseCellModel.swift; sourceTree = "<group>"; };
		A5E5A504261B7C6F008CEAC9 /* CharacterCell.swift */ = {isa = PBXFileReference; lastKnownFileType = sourcecode.swift; path = CharacterCell.swift; sourceTree = "<group>"; };
		A5E5A505261B7C6F008CEAC9 /* CharacterCell.xib */ = {isa = PBXFileReference; lastKnownFileType = file.xib; path = CharacterCell.xib; sourceTree = "<group>"; };
		A5E5A50B261B9514008CEAC9 /* CharacterCellModel.swift */ = {isa = PBXFileReference; lastKnownFileType = sourcecode.swift; path = CharacterCellModel.swift; sourceTree = "<group>"; };
		A5E5A51B261E076D008CEAC9 /* ErrorView.xib */ = {isa = PBXFileReference; lastKnownFileType = file.xib; path = ErrorView.xib; sourceTree = "<group>"; };
		A5E5A51E261E0778008CEAC9 /* ErrorView.swift */ = {isa = PBXFileReference; lastKnownFileType = sourcecode.swift; path = ErrorView.swift; sourceTree = "<group>"; };
		A5E5A527261F57D8008CEAC9 /* CharacterDetailViewModel.swift */ = {isa = PBXFileReference; lastKnownFileType = sourcecode.swift; path = CharacterDetailViewModel.swift; sourceTree = "<group>"; };
		A5E5A52A261F60B2008CEAC9 /* CharacterDetailViewController.swift */ = {isa = PBXFileReference; lastKnownFileType = sourcecode.swift; path = CharacterDetailViewController.swift; sourceTree = "<group>"; };
		A5E5A52D261F80F9008CEAC9 /* UIColor+.swift */ = {isa = PBXFileReference; lastKnownFileType = sourcecode.swift; path = "UIColor+.swift"; sourceTree = "<group>"; };
		A5E5A530261F8CF6008CEAC9 /* rm_font.ttf */ = {isa = PBXFileReference; lastKnownFileType = file; path = rm_font.ttf; sourceTree = "<group>"; };
		A5E5A535261FC909008CEAC9 /* UIFont+.swift */ = {isa = PBXFileReference; lastKnownFileType = sourcecode.swift; path = "UIFont+.swift"; sourceTree = "<group>"; };
		A5E5A5882620CD8E008CEAC9 /* BaseTableViewCell.swift */ = {isa = PBXFileReference; lastKnownFileType = sourcecode.swift; path = BaseTableViewCell.swift; sourceTree = "<group>"; };
		A5E5A59926210BFF008CEAC9 /* CharacterDetailCellModel.swift */ = {isa = PBXFileReference; lastKnownFileType = sourcecode.swift; path = CharacterDetailCellModel.swift; sourceTree = "<group>"; };
		A5E5A5A126210E99008CEAC9 /* CharacterDetailCell.swift */ = {isa = PBXFileReference; lastKnownFileType = sourcecode.swift; path = CharacterDetailCell.swift; sourceTree = "<group>"; };
		A5E5A5A226210E99008CEAC9 /* CharacterDetailCell.xib */ = {isa = PBXFileReference; lastKnownFileType = file.xib; path = CharacterDetailCell.xib; sourceTree = "<group>"; };
		A5E5A5A8262239BB008CEAC9 /* DiffDataSource+Rx.swift */ = {isa = PBXFileReference; lastKnownFileType = sourcecode.swift; path = "DiffDataSource+Rx.swift"; sourceTree = "<group>"; };
		A5E5A5AF26233A29008CEAC9 /* LoadingCellModel.swift */ = {isa = PBXFileReference; lastKnownFileType = sourcecode.swift; path = LoadingCellModel.swift; sourceTree = "<group>"; };
		A5E5A5B326233AA7008CEAC9 /* LoadingCellCollectionViewCell.swift */ = {isa = PBXFileReference; lastKnownFileType = sourcecode.swift; path = LoadingCellCollectionViewCell.swift; sourceTree = "<group>"; };
		A5E5A5B426233AA7008CEAC9 /* LoadingCellCollectionViewCell.xib */ = {isa = PBXFileReference; lastKnownFileType = file.xib; path = LoadingCellCollectionViewCell.xib; sourceTree = "<group>"; };
		A5E5A5BF2627B7D9008CEAC9 /* EpisodeCharacterCell.swift */ = {isa = PBXFileReference; lastKnownFileType = sourcecode.swift; path = EpisodeCharacterCell.swift; sourceTree = "<group>"; };
		A5E5A5C02627B7D9008CEAC9 /* EpisodeCharacterCell.xib */ = {isa = PBXFileReference; lastKnownFileType = file.xib; path = EpisodeCharacterCell.xib; sourceTree = "<group>"; };
		A5E5A5C52627BBBA008CEAC9 /* EpisodeCharacterCellModel.swift */ = {isa = PBXFileReference; lastKnownFileType = sourcecode.swift; path = EpisodeCharacterCellModel.swift; sourceTree = "<group>"; };
		A5E5A5CB262876E7008CEAC9 /* BaseReusableView.swift */ = {isa = PBXFileReference; lastKnownFileType = sourcecode.swift; path = BaseReusableView.swift; sourceTree = "<group>"; };
		A5E5A5CF26287779008CEAC9 /* EpisodeReusableHeader.swift */ = {isa = PBXFileReference; lastKnownFileType = sourcecode.swift; path = EpisodeReusableHeader.swift; sourceTree = "<group>"; };
		A5E5A5D026287779008CEAC9 /* EpisodeReusableHeader.xib */ = {isa = PBXFileReference; lastKnownFileType = file.xib; path = EpisodeReusableHeader.xib; sourceTree = "<group>"; };
		B7D265748F59619C84E1DEDD /* Pods-RickAndMortyFlexx.release.xcconfig */ = {isa = PBXFileReference; includeInIndex = 1; lastKnownFileType = text.xcconfig; name = "Pods-RickAndMortyFlexx.release.xcconfig"; path = "Target Support Files/Pods-RickAndMortyFlexx/Pods-RickAndMortyFlexx.release.xcconfig"; sourceTree = "<group>"; };
/* End PBXFileReference section */

/* Begin PBXFrameworksBuildPhase section */
		A56AA74526013B9A0070A8AF /* Frameworks */ = {
			isa = PBXFrameworksBuildPhase;
			buildActionMask = 2147483647;
			files = (
				6B0EBBC55616529DE980971C /* Pods_RickAndMortyFlexx.framework in Frameworks */,
			);
			runOnlyForDeploymentPostprocessing = 0;
		};
/* End PBXFrameworksBuildPhase section */

/* Begin PBXGroup section */
		0972133DE31F0E5338EEB853 /* Frameworks */ = {
			isa = PBXGroup;
			children = (
				9AD834D495ED72AE18CE8ACA /* Pods_RickAndMortyFlexx.framework */,
			);
			name = Frameworks;
			sourceTree = "<group>";
		};
		A56AA73F26013B9A0070A8AF = {
			isa = PBXGroup;
			children = (
				A56AA74A26013B9A0070A8AF /* RickAndMortyFlexx */,
				A56AA74926013B9A0070A8AF /* Products */,
				B5EB1E5A86BA0B0FC4F988BD /* Pods */,
				0972133DE31F0E5338EEB853 /* Frameworks */,
			);
			sourceTree = "<group>";
		};
		A56AA74926013B9A0070A8AF /* Products */ = {
			isa = PBXGroup;
			children = (
				A56AA74826013B9A0070A8AF /* RickAndMortyFlexx.app */,
			);
			name = Products;
			sourceTree = "<group>";
		};
		A56AA74A26013B9A0070A8AF /* RickAndMortyFlexx */ = {
			isa = PBXGroup;
			children = (
				A56AA76026013BAD0070A8AF /* AppDelegate */,
				A56AA853261213C00070A8AF /* Classes */,
				A56AA76126013C050070A8AF /* Extensions */,
				A56AA76626013CEB0070A8AF /* Managers */,
				A56AA76226013C2A0070A8AF /* Misc */,
				A56AA76C26013DFC0070A8AF /* Models */,
				A56AA76326013C420070A8AF /* Protocols */,
				A56AA76426013C610070A8AF /* Screens */,
				A56AA76726013CF30070A8AF /* Services */,
			);
			path = RickAndMortyFlexx;
			sourceTree = "<group>";
		};
		A56AA76026013BAD0070A8AF /* AppDelegate */ = {
			isa = PBXGroup;
			children = (
				A56AA74B26013B9A0070A8AF /* AppDelegate.swift */,
				A56AA8272610C28E0070A8AF /* AppAssembly.swift */,
				A56AA8342610C40E0070A8AF /* AppDependecies.swift */,
				A56AA8492612113F0070A8AF /* AppCoordinator.swift */,
			);
			path = AppDelegate;
			sourceTree = "<group>";
		};
		A56AA76126013C050070A8AF /* Extensions */ = {
			isa = PBXGroup;
			children = (
				A56AA7B126061FC30070A8AF /* Array+Extensions.swift */,
				A56AA7CC2608CC840070A8AF /* Single+Decodable.swift */,
				A56AA80A260E4D420070A8AF /* Realm+Write.swift */,
				A56AA80D260F67B80070A8AF /* String+Extensions.swift */,
				A56AA8802614BA890070A8AF /* UIViewController+Extensions.swift */,
				A5E5A4F3261B355E008CEAC9 /* Reachability+Rx.swift */,
				A5E5A52D261F80F9008CEAC9 /* UIColor+.swift */,
				A5E5A535261FC909008CEAC9 /* UIFont+.swift */,
				A5E5A5A8262239BB008CEAC9 /* DiffDataSource+Rx.swift */,
			);
			path = Extensions;
			sourceTree = "<group>";
		};
		A56AA76226013C2A0070A8AF /* Misc */ = {
			isa = PBXGroup;
			children = (
				A5E5A530261F8CF6008CEAC9 /* rm_font.ttf */,
				A56AA75926013B9B0070A8AF /* Info.plist */,
				A56AA75426013B9B0070A8AF /* Assets.xcassets */,
			);
			path = Misc;
			sourceTree = "<group>";
		};
		A56AA76326013C420070A8AF /* Protocols */ = {
			isa = PBXGroup;
			children = (
				A56AA84C2612124E0070A8AF /* Coordinator */,
				A56AA8402610C55B0070A8AF /* Services */,
				A56AA82F2610C2B70070A8AF /* Realm */,
				A56AA86E26121EEB0070A8AF /* Storyboard.swift */,
			);
			path = Protocols;
			sourceTree = "<group>";
		};
		A56AA76426013C610070A8AF /* Screens */ = {
			isa = PBXGroup;
			children = (
				A5E5A51A261E070B008CEAC9 /* Utils */,
				A56AA8762614B9D70070A8AF /* Base */,
				A56AA85A261213F70070A8AF /* Main */,
				A56AA84626120C9D0070A8AF /* LaunchScreen */,
			);
			path = Screens;
			sourceTree = "<group>";
		};
		A56AA76626013CEB0070A8AF /* Managers */ = {
			isa = PBXGroup;
			children = (
				A56AA783260231520070A8AF /* Networking */,
				A56AA807260E1C480070A8AF /* DataBase */,
			);
			path = Managers;
			sourceTree = "<group>";
		};
		A56AA76726013CF30070A8AF /* Services */ = {
			isa = PBXGroup;
			children = (
				A56AA8302610C34D0070A8AF /* RMService.swift */,
			);
			path = Services;
			sourceTree = "<group>";
		};
		A56AA76C26013DFC0070A8AF /* Models */ = {
			isa = PBXGroup;
			children = (
				A56AA76D26013E110070A8AF /* Entities */,
			);
			path = Models;
			sourceTree = "<group>";
		};
		A56AA76D26013E110070A8AF /* Entities */ = {
			isa = PBXGroup;
			children = (
				A56AA775260141560070A8AF /* Location.swift */,
				A56AA76E26013E970070A8AF /* Character.swift */,
				A56AA7722601409B0070A8AF /* Episode.swift */,
				A56AA78826023DA60070A8AF /* InfoModel.swift */,
			);
			path = Entities;
			sourceTree = "<group>";
		};
		A56AA783260231520070A8AF /* Networking */ = {
			isa = PBXGroup;
			children = (
				A56AA7AF26060FD90070A8AF /* Targets */,
				A56AA76826013D1F0070A8AF /* MultiMoyaProvider.swift */,
				A56AA784260231720070A8AF /* APIManager.swift */,
				A56AA7D72608DB970070A8AF /* APIError.swift */,
			);
			path = Networking;
			sourceTree = "<group>";
		};
		A56AA7AF26060FD90070A8AF /* Targets */ = {
			isa = PBXGroup;
			children = (
				A56AA77E26016FDC0070A8AF /* CharacterTarget.swift */,
				A56AA7B82606297D0070A8AF /* LocationTarget.swift */,
				A56AA7B52606296D0070A8AF /* EpisodeTarget.swift */,
			);
			path = Targets;
			sourceTree = "<group>";
		};
		A56AA807260E1C480070A8AF /* DataBase */ = {
			isa = PBXGroup;
			children = (
				A56AA804260E1C430070A8AF /* DBManager.swift */,
			);
			path = DataBase;
			sourceTree = "<group>";
		};
		A56AA82F2610C2B70070A8AF /* Realm */ = {
			isa = PBXGroup;
			children = (
				A56AA810260F83F30070A8AF /* IDInitable.swift */,
			);
			path = Realm;
			sourceTree = "<group>";
		};
		A56AA8402610C55B0070A8AF /* Services */ = {
			isa = PBXGroup;
			children = (
				A56AA8412610C56D0070A8AF /* HasRMService.swift */,
			);
			path = Services;
			sourceTree = "<group>";
		};
		A56AA84626120C9D0070A8AF /* LaunchScreen */ = {
			isa = PBXGroup;
			children = (
				A56AA75626013B9B0070A8AF /* LaunchScreen.storyboard */,
			);
			path = LaunchScreen;
			sourceTree = "<group>";
		};
		A56AA84C2612124E0070A8AF /* Coordinator */ = {
			isa = PBXGroup;
			children = (
				A56AA84D2612125C0070A8AF /* Coordinatable.swift */,
				A56AA850261213630070A8AF /* Routable.swift */,
				A56AA85B261214540070A8AF /* Coordinator.swift */,
				A56AA85E2612146F0070A8AF /* Transition.swift */,
			);
			path = Coordinator;
			sourceTree = "<group>";
		};
		A56AA853261213C00070A8AF /* Classes */ = {
			isa = PBXGroup;
			children = (
				A56AA859261213E20070A8AF /* Transitions */,
			);
			path = Classes;
			sourceTree = "<group>";
		};
		A56AA859261213E20070A8AF /* Transitions */ = {
			isa = PBXGroup;
			children = (
				A56AA862261214E90070A8AF /* PushTransition.swift */,
				A56AA867261216340070A8AF /* ModalTransition.swift */,
				A56AA86A2612164C0070A8AF /* SetTransition.swift */,
			);
			path = Transitions;
			sourceTree = "<group>";
		};
		A56AA85A261213F70070A8AF /* Main */ = {
			isa = PBXGroup;
			children = (
				A56AA75126013B9A0070A8AF /* Main.storyboard */,
				A5A47CFB2629C20000E1E570 /* LocationFlow */,
				A56AA8842614BD600070A8AF /* CharacterFlow */,
			);
			path = Main;
			sourceTree = "<group>";
		};
		A56AA87126121F530070A8AF /* BaseTabBarCoordinator */ = {
			isa = PBXGroup;
			children = (
				A56AA87226121F660070A8AF /* BaseTabBarCoordinator.swift */,
			);
			path = BaseTabBarCoordinator;
			sourceTree = "<group>";
		};
		A56AA8762614B9D70070A8AF /* Base */ = {
			isa = PBXGroup;
			children = (
				A56AA8772614B9E50070A8AF /* BaseViewController */,
				A56AA87126121F530070A8AF /* BaseTabBarCoordinator */,
			);
			path = Base;
			sourceTree = "<group>";
		};
		A56AA8772614B9E50070A8AF /* BaseViewController */ = {
			isa = PBXGroup;
			children = (
				A56AA8782614B9F40070A8AF /* BaseViewController.swift */,
				A56AA87C2614BA070070A8AF /* BaseViewModel.swift */,
				A5E5A4F6261B6AD8008CEAC9 /* BaseCollectionViewCell.swift */,
				A5E5A4F9261B6B30008CEAC9 /* BaseCellModel.swift */,
				A5E5A5882620CD8E008CEAC9 /* BaseTableViewCell.swift */,
				A5E5A5CB262876E7008CEAC9 /* BaseReusableView.swift */,
			);
			path = BaseViewController;
			sourceTree = "<group>";
		};
		A56AA8842614BD600070A8AF /* CharacterFlow */ = {
			isa = PBXGroup;
			children = (
				A56AA88C2614BE1A0070A8AF /* CharacterCoordinator.swift */,
				A5E5A524261F512E008CEAC9 /* CharacterDetailViewController */,
				A5E5A4FC261B6C05008CEAC9 /* CharacterFeedViewController */,
			);
			path = CharacterFlow;
			sourceTree = "<group>";
		};
		A5A47CFB2629C20000E1E570 /* LocationFlow */ = {
			isa = PBXGroup;
			children = (
				A5A47CFC2629C23100E1E570 /* LocationCoordinator.swift */,
				A5A47D002629C2F800E1E570 /* LocationFeedViewController */,
			);
			path = LocationFlow;
			sourceTree = "<group>";
		};
		A5A47D002629C2F800E1E570 /* LocationFeedViewController */ = {
			isa = PBXGroup;
			children = (
			);
			path = LocationFeedViewController;
			sourceTree = "<group>";
		};
		A5E5A4FC261B6C05008CEAC9 /* CharacterFeedViewController */ = {
			isa = PBXGroup;
			children = (
				A56AA74F26013B9A0070A8AF /* CharacterFeedViewController.swift */,
				A56AA8882614BDA30070A8AF /* ChatacterViewModel.swift */,
				A5E5A509261B7C7F008CEAC9 /* Cells */,
			);
			path = CharacterFeedViewController;
			sourceTree = "<group>";
		};
		A5E5A509261B7C7F008CEAC9 /* Cells */ = {
			isa = PBXGroup;
			children = (
				A5E5A5AE26233A03008CEAC9 /* LoadingCell */,
				A5E5A5AC262339E1008CEAC9 /* CharacterCell */,
			);
			path = Cells;
			sourceTree = "<group>";
		};
		A5E5A51A261E070B008CEAC9 /* Utils */ = {
			isa = PBXGroup;
			children = (
				A5E5A521261E077A008CEAC9 /* ErrorView */,
			);
			path = Utils;
			sourceTree = "<group>";
		};
		A5E5A521261E077A008CEAC9 /* ErrorView */ = {
			isa = PBXGroup;
			children = (
				A5E5A51E261E0778008CEAC9 /* ErrorView.swift */,
				A5E5A51B261E076D008CEAC9 /* ErrorView.xib */,
			);
			path = ErrorView;
			sourceTree = "<group>";
		};
		A5E5A524261F512E008CEAC9 /* CharacterDetailViewController */ = {
			isa = PBXGroup;
			children = (
				A5E5A527261F57D8008CEAC9 /* CharacterDetailViewModel.swift */,
				A5E5A52A261F60B2008CEAC9 /* CharacterDetailViewController.swift */,
				A5E5A53A261FD11F008CEAC9 /* Cells */,
			);
			path = CharacterDetailViewController;
			sourceTree = "<group>";
		};
		A5E5A53A261FD11F008CEAC9 /* Cells */ = {
			isa = PBXGroup;
			children = (
				A5E5A5BE2627B7B5008CEAC9 /* EpisodeCell */,
				A5E5A56826209417008CEAC9 /* CharacterDetailCell */,
			);
			path = Cells;
			sourceTree = "<group>";
		};
		A5E5A56826209417008CEAC9 /* CharacterDetailCell */ = {
			isa = PBXGroup;
			children = (
				A5E5A59926210BFF008CEAC9 /* CharacterDetailCellModel.swift */,
				A5E5A5A126210E99008CEAC9 /* CharacterDetailCell.swift */,
				A5E5A5A226210E99008CEAC9 /* CharacterDetailCell.xib */,
			);
			path = CharacterDetailCell;
			sourceTree = "<group>";
		};
		A5E5A5AC262339E1008CEAC9 /* CharacterCell */ = {
			isa = PBXGroup;
			children = (
				A5E5A505261B7C6F008CEAC9 /* CharacterCell.xib */,
				A5E5A504261B7C6F008CEAC9 /* CharacterCell.swift */,
				A5E5A50B261B9514008CEAC9 /* CharacterCellModel.swift */,
			);
			path = CharacterCell;
			sourceTree = "<group>";
		};
		A5E5A5AE26233A03008CEAC9 /* LoadingCell */ = {
			isa = PBXGroup;
			children = (
				A5E5A5AF26233A29008CEAC9 /* LoadingCellModel.swift */,
				A5E5A5B326233AA7008CEAC9 /* LoadingCellCollectionViewCell.swift */,
				A5E5A5B426233AA7008CEAC9 /* LoadingCellCollectionViewCell.xib */,
			);
			path = LoadingCell;
			sourceTree = "<group>";
		};
		A5E5A5BE2627B7B5008CEAC9 /* EpisodeCell */ = {
			isa = PBXGroup;
			children = (
				A5E5A5C52627BBBA008CEAC9 /* EpisodeCharacterCellModel.swift */,
				A5E5A5BF2627B7D9008CEAC9 /* EpisodeCharacterCell.swift */,
				A5E5A5C02627B7D9008CEAC9 /* EpisodeCharacterCell.xib */,
				A5E5A5CF26287779008CEAC9 /* EpisodeReusableHeader.swift */,
				A5E5A5D026287779008CEAC9 /* EpisodeReusableHeader.xib */,
			);
			path = EpisodeCell;
			sourceTree = "<group>";
		};
		B5EB1E5A86BA0B0FC4F988BD /* Pods */ = {
			isa = PBXGroup;
			children = (
				A31CC433F3FAD2B4F826649D /* Pods-RickAndMortyFlexx.debug.xcconfig */,
				B7D265748F59619C84E1DEDD /* Pods-RickAndMortyFlexx.release.xcconfig */,
			);
			path = Pods;
			sourceTree = "<group>";
		};
/* End PBXGroup section */

/* Begin PBXNativeTarget section */
		A56AA74726013B9A0070A8AF /* RickAndMortyFlexx */ = {
			isa = PBXNativeTarget;
			buildConfigurationList = A56AA75C26013B9B0070A8AF /* Build configuration list for PBXNativeTarget "RickAndMortyFlexx" */;
			buildPhases = (
				CE50D6E027DEA4318047D561 /* [CP] Check Pods Manifest.lock */,
				A56AA74426013B9A0070A8AF /* Sources */,
				A56AA74526013B9A0070A8AF /* Frameworks */,
				A56AA74626013B9A0070A8AF /* Resources */,
				9E2326784E15F8DB179DE0D9 /* [CP] Embed Pods Frameworks */,
			);
			buildRules = (
			);
			dependencies = (
			);
			name = RickAndMortyFlexx;
			productName = RickAndMortyFlexx;
			productReference = A56AA74826013B9A0070A8AF /* RickAndMortyFlexx.app */;
			productType = "com.apple.product-type.application";
		};
/* End PBXNativeTarget section */

/* Begin PBXProject section */
		A56AA74026013B9A0070A8AF /* Project object */ = {
			isa = PBXProject;
			attributes = {
				LastSwiftUpdateCheck = 1240;
				LastUpgradeCheck = 1240;
				TargetAttributes = {
					A56AA74726013B9A0070A8AF = {
						CreatedOnToolsVersion = 12.4;
					};
				};
			};
			buildConfigurationList = A56AA74326013B9A0070A8AF /* Build configuration list for PBXProject "RickAndMortyFlexx" */;
			compatibilityVersion = "Xcode 9.3";
			developmentRegion = en;
			hasScannedForEncodings = 0;
			knownRegions = (
				en,
				Base,
			);
			mainGroup = A56AA73F26013B9A0070A8AF;
			productRefGroup = A56AA74926013B9A0070A8AF /* Products */;
			projectDirPath = "";
			projectRoot = "";
			targets = (
				A56AA74726013B9A0070A8AF /* RickAndMortyFlexx */,
			);
		};
/* End PBXProject section */

/* Begin PBXResourcesBuildPhase section */
		A56AA74626013B9A0070A8AF /* Resources */ = {
			isa = PBXResourcesBuildPhase;
			buildActionMask = 2147483647;
			files = (
				A56AA75826013B9B0070A8AF /* LaunchScreen.storyboard in Resources */,
				A56AA75526013B9B0070A8AF /* Assets.xcassets in Resources */,
				A5E5A5A426210E99008CEAC9 /* CharacterDetailCell.xib in Resources */,
				A56AA75326013B9A0070A8AF /* Main.storyboard in Resources */,
				A5E5A507261B7C6F008CEAC9 /* CharacterCell.xib in Resources */,
				A5E5A5B626233AA7008CEAC9 /* LoadingCellCollectionViewCell.xib in Resources */,
				A5E5A5C22627B7DA008CEAC9 /* EpisodeCharacterCell.xib in Resources */,
				A5E5A5D226287779008CEAC9 /* EpisodeReusableHeader.xib in Resources */,
				A5E5A531261F8CF6008CEAC9 /* rm_font.ttf in Resources */,
				A5E5A51C261E076D008CEAC9 /* ErrorView.xib in Resources */,
			);
			runOnlyForDeploymentPostprocessing = 0;
		};
/* End PBXResourcesBuildPhase section */

/* Begin PBXShellScriptBuildPhase section */
		9E2326784E15F8DB179DE0D9 /* [CP] Embed Pods Frameworks */ = {
			isa = PBXShellScriptBuildPhase;
			buildActionMask = 2147483647;
			files = (
			);
			inputFileListPaths = (
				"${PODS_ROOT}/Target Support Files/Pods-RickAndMortyFlexx/Pods-RickAndMortyFlexx-frameworks-${CONFIGURATION}-input-files.xcfilelist",
			);
			name = "[CP] Embed Pods Frameworks";
			outputFileListPaths = (
				"${PODS_ROOT}/Target Support Files/Pods-RickAndMortyFlexx/Pods-RickAndMortyFlexx-frameworks-${CONFIGURATION}-output-files.xcfilelist",
			);
			runOnlyForDeploymentPostprocessing = 0;
			shellPath = /bin/sh;
			shellScript = "\"${PODS_ROOT}/Target Support Files/Pods-RickAndMortyFlexx/Pods-RickAndMortyFlexx-frameworks.sh\"\n";
			showEnvVarsInLog = 0;
		};
		CE50D6E027DEA4318047D561 /* [CP] Check Pods Manifest.lock */ = {
			isa = PBXShellScriptBuildPhase;
			buildActionMask = 2147483647;
			files = (
			);
			inputFileListPaths = (
			);
			inputPaths = (
				"${PODS_PODFILE_DIR_PATH}/Podfile.lock",
				"${PODS_ROOT}/Manifest.lock",
			);
			name = "[CP] Check Pods Manifest.lock";
			outputFileListPaths = (
			);
			outputPaths = (
				"$(DERIVED_FILE_DIR)/Pods-RickAndMortyFlexx-checkManifestLockResult.txt",
			);
			runOnlyForDeploymentPostprocessing = 0;
			shellPath = /bin/sh;
			shellScript = "diff \"${PODS_PODFILE_DIR_PATH}/Podfile.lock\" \"${PODS_ROOT}/Manifest.lock\" > /dev/null\nif [ $? != 0 ] ; then\n    # print error to STDERR\n    echo \"error: The sandbox is not in sync with the Podfile.lock. Run 'pod install' or update your CocoaPods installation.\" >&2\n    exit 1\nfi\n# This output is used by Xcode 'outputs' to avoid re-running this script phase.\necho \"SUCCESS\" > \"${SCRIPT_OUTPUT_FILE_0}\"\n";
			showEnvVarsInLog = 0;
		};
/* End PBXShellScriptBuildPhase section */

/* Begin PBXSourcesBuildPhase section */
		A56AA74426013B9A0070A8AF /* Sources */ = {
			isa = PBXSourcesBuildPhase;
			buildActionMask = 2147483647;
			files = (
				A56AA76926013D1F0070A8AF /* MultiMoyaProvider.swift in Sources */,
				A5E5A5B526233AA7008CEAC9 /* LoadingCellCollectionViewCell.swift in Sources */,
				A56AA86F26121EEB0070A8AF /* Storyboard.swift in Sources */,
				A56AA88D2614BE1A0070A8AF /* CharacterCoordinator.swift in Sources */,
				A5E5A506261B7C6F008CEAC9 /* CharacterCell.swift in Sources */,
				A5E5A5A9262239BB008CEAC9 /* DiffDataSource+Rx.swift in Sources */,
				A56AA80B260E4D420070A8AF /* Realm+Write.swift in Sources */,
				A56AA868261216340070A8AF /* ModalTransition.swift in Sources */,
				A56AA84A2612113F0070A8AF /* AppCoordinator.swift in Sources */,
				A5E5A528261F57D8008CEAC9 /* CharacterDetailViewModel.swift in Sources */,
				A5E5A5CC262876E8008CEAC9 /* BaseReusableView.swift in Sources */,
				A56AA87D2614BA070070A8AF /* BaseViewModel.swift in Sources */,
				A56AA8792614B9F40070A8AF /* BaseViewController.swift in Sources */,
				A56AA8812614BA890070A8AF /* UIViewController+Extensions.swift in Sources */,
				A5E5A4F4261B355E008CEAC9 /* Reachability+Rx.swift in Sources */,
				A5E5A4FA261B6B30008CEAC9 /* BaseCellModel.swift in Sources */,
				A56AA86B2612164C0070A8AF /* SetTransition.swift in Sources */,
				A5A47CFD2629C23100E1E570 /* LocationCoordinator.swift in Sources */,
				A56AA77F26016FDC0070A8AF /* CharacterTarget.swift in Sources */,
				A56AA7732601409B0070A8AF /* Episode.swift in Sources */,
				A56AA87326121F660070A8AF /* BaseTabBarCoordinator.swift in Sources */,
				A56AA75026013B9A0070A8AF /* CharacterFeedViewController.swift in Sources */,
				A5E5A5D126287779008CEAC9 /* EpisodeReusableHeader.swift in Sources */,
				A5E5A5C62627BBBA008CEAC9 /* EpisodeCharacterCellModel.swift in Sources */,
				A56AA84E2612125C0070A8AF /* Coordinatable.swift in Sources */,
				A56AA76F26013E970070A8AF /* Character.swift in Sources */,
				A56AA8892614BDA30070A8AF /* ChatacterViewModel.swift in Sources */,
				A56AA8352610C40E0070A8AF /* AppDependecies.swift in Sources */,
				A5E5A5C12627B7DA008CEAC9 /* EpisodeCharacterCell.swift in Sources */,
				A56AA863261214E90070A8AF /* PushTransition.swift in Sources */,
				A56AA80E260F67B80070A8AF /* String+Extensions.swift in Sources */,
				A56AA85F2612146F0070A8AF /* Transition.swift in Sources */,
				A56AA811260F83F30070A8AF /* IDInitable.swift in Sources */,
				A5E5A5892620CD8E008CEAC9 /* BaseTableViewCell.swift in Sources */,
				A56AA78926023DA60070A8AF /* InfoModel.swift in Sources */,
				A5E5A4F7261B6AD8008CEAC9 /* BaseCollectionViewCell.swift in Sources */,
				A56AA7B92606297D0070A8AF /* LocationTarget.swift in Sources */,
				A56AA7B62606296D0070A8AF /* EpisodeTarget.swift in Sources */,
				A56AA8282610C28E0070A8AF /* AppAssembly.swift in Sources */,
				A56AA74C26013B9A0070A8AF /* AppDelegate.swift in Sources */,
				A56AA805260E1C430070A8AF /* DBManager.swift in Sources */,
				A5E5A5A326210E99008CEAC9 /* CharacterDetailCell.swift in Sources */,
				A56AA8422610C56D0070A8AF /* HasRMService.swift in Sources */,
				A5E5A59A26210BFF008CEAC9 /* CharacterDetailCellModel.swift in Sources */,
				A5E5A50C261B9514008CEAC9 /* CharacterCellModel.swift in Sources */,
				A56AA85C261214540070A8AF /* Coordinator.swift in Sources */,
				A5E5A5B026233A29008CEAC9 /* LoadingCellModel.swift in Sources */,
				A56AA776260141560070A8AF /* Location.swift in Sources */,
				A5E5A52E261F80F9008CEAC9 /* UIColor+.swift in Sources */,
				A56AA785260231720070A8AF /* APIManager.swift in Sources */,
				A5E5A536261FC909008CEAC9 /* UIFont+.swift in Sources */,
				A56AA8312610C34D0070A8AF /* RMService.swift in Sources */,
				A56AA7D82608DB970070A8AF /* APIError.swift in Sources */,
				A56AA7B226061FC30070A8AF /* Array+Extensions.swift in Sources */,
				A56AA851261213630070A8AF /* Routable.swift in Sources */,
				A5E5A52B261F60B2008CEAC9 /* CharacterDetailViewController.swift in Sources */,
				A56AA7CD2608CC840070A8AF /* Single+Decodable.swift in Sources */,
				A5E5A51F261E0778008CEAC9 /* ErrorView.swift in Sources */,
			);
			runOnlyForDeploymentPostprocessing = 0;
		};
/* End PBXSourcesBuildPhase section */

/* Begin PBXVariantGroup section */
		A56AA75126013B9A0070A8AF /* Main.storyboard */ = {
			isa = PBXVariantGroup;
			children = (
				A56AA75226013B9A0070A8AF /* Base */,
			);
			name = Main.storyboard;
			sourceTree = "<group>";
		};
		A56AA75626013B9B0070A8AF /* LaunchScreen.storyboard */ = {
			isa = PBXVariantGroup;
			children = (
				A56AA75726013B9B0070A8AF /* Base */,
			);
			name = LaunchScreen.storyboard;
			sourceTree = "<group>";
		};
/* End PBXVariantGroup section */

/* Begin XCBuildConfiguration section */
		A56AA75A26013B9B0070A8AF /* Debug */ = {
			isa = XCBuildConfiguration;
			buildSettings = {
				ALWAYS_SEARCH_USER_PATHS = NO;
				CLANG_ANALYZER_NONNULL = YES;
				CLANG_ANALYZER_NUMBER_OBJECT_CONVERSION = YES_AGGRESSIVE;
				CLANG_CXX_LANGUAGE_STANDARD = "gnu++14";
				CLANG_CXX_LIBRARY = "libc++";
				CLANG_ENABLE_MODULES = YES;
				CLANG_ENABLE_OBJC_ARC = YES;
				CLANG_ENABLE_OBJC_WEAK = YES;
				CLANG_WARN_BLOCK_CAPTURE_AUTORELEASING = YES;
				CLANG_WARN_BOOL_CONVERSION = YES;
				CLANG_WARN_COMMA = YES;
				CLANG_WARN_CONSTANT_CONVERSION = YES;
				CLANG_WARN_DEPRECATED_OBJC_IMPLEMENTATIONS = YES;
				CLANG_WARN_DIRECT_OBJC_ISA_USAGE = YES_ERROR;
				CLANG_WARN_DOCUMENTATION_COMMENTS = YES;
				CLANG_WARN_EMPTY_BODY = YES;
				CLANG_WARN_ENUM_CONVERSION = YES;
				CLANG_WARN_INFINITE_RECURSION = YES;
				CLANG_WARN_INT_CONVERSION = YES;
				CLANG_WARN_NON_LITERAL_NULL_CONVERSION = YES;
				CLANG_WARN_OBJC_IMPLICIT_RETAIN_SELF = YES;
				CLANG_WARN_OBJC_LITERAL_CONVERSION = YES;
				CLANG_WARN_OBJC_ROOT_CLASS = YES_ERROR;
				CLANG_WARN_QUOTED_INCLUDE_IN_FRAMEWORK_HEADER = YES;
				CLANG_WARN_RANGE_LOOP_ANALYSIS = YES;
				CLANG_WARN_STRICT_PROTOTYPES = YES;
				CLANG_WARN_SUSPICIOUS_MOVE = YES;
				CLANG_WARN_UNGUARDED_AVAILABILITY = YES_AGGRESSIVE;
				CLANG_WARN_UNREACHABLE_CODE = YES;
				CLANG_WARN__DUPLICATE_METHOD_MATCH = YES;
				COPY_PHASE_STRIP = NO;
				DEBUG_INFORMATION_FORMAT = dwarf;
				ENABLE_STRICT_OBJC_MSGSEND = YES;
				ENABLE_TESTABILITY = YES;
				GCC_C_LANGUAGE_STANDARD = gnu11;
				GCC_DYNAMIC_NO_PIC = NO;
				GCC_NO_COMMON_BLOCKS = YES;
				GCC_OPTIMIZATION_LEVEL = 0;
				GCC_PREPROCESSOR_DEFINITIONS = (
					"DEBUG=1",
					"$(inherited)",
				);
				GCC_WARN_64_TO_32_BIT_CONVERSION = YES;
				GCC_WARN_ABOUT_RETURN_TYPE = YES_ERROR;
				GCC_WARN_UNDECLARED_SELECTOR = YES;
				GCC_WARN_UNINITIALIZED_AUTOS = YES_AGGRESSIVE;
				GCC_WARN_UNUSED_FUNCTION = YES;
				GCC_WARN_UNUSED_VARIABLE = YES;
				IPHONEOS_DEPLOYMENT_TARGET = 14.4;
				MTL_ENABLE_DEBUG_INFO = INCLUDE_SOURCE;
				MTL_FAST_MATH = YES;
				ONLY_ACTIVE_ARCH = YES;
				SDKROOT = iphoneos;
				SWIFT_ACTIVE_COMPILATION_CONDITIONS = DEBUG;
				SWIFT_OPTIMIZATION_LEVEL = "-Onone";
			};
			name = Debug;
		};
		A56AA75B26013B9B0070A8AF /* Release */ = {
			isa = XCBuildConfiguration;
			buildSettings = {
				ALWAYS_SEARCH_USER_PATHS = NO;
				CLANG_ANALYZER_NONNULL = YES;
				CLANG_ANALYZER_NUMBER_OBJECT_CONVERSION = YES_AGGRESSIVE;
				CLANG_CXX_LANGUAGE_STANDARD = "gnu++14";
				CLANG_CXX_LIBRARY = "libc++";
				CLANG_ENABLE_MODULES = YES;
				CLANG_ENABLE_OBJC_ARC = YES;
				CLANG_ENABLE_OBJC_WEAK = YES;
				CLANG_WARN_BLOCK_CAPTURE_AUTORELEASING = YES;
				CLANG_WARN_BOOL_CONVERSION = YES;
				CLANG_WARN_COMMA = YES;
				CLANG_WARN_CONSTANT_CONVERSION = YES;
				CLANG_WARN_DEPRECATED_OBJC_IMPLEMENTATIONS = YES;
				CLANG_WARN_DIRECT_OBJC_ISA_USAGE = YES_ERROR;
				CLANG_WARN_DOCUMENTATION_COMMENTS = YES;
				CLANG_WARN_EMPTY_BODY = YES;
				CLANG_WARN_ENUM_CONVERSION = YES;
				CLANG_WARN_INFINITE_RECURSION = YES;
				CLANG_WARN_INT_CONVERSION = YES;
				CLANG_WARN_NON_LITERAL_NULL_CONVERSION = YES;
				CLANG_WARN_OBJC_IMPLICIT_RETAIN_SELF = YES;
				CLANG_WARN_OBJC_LITERAL_CONVERSION = YES;
				CLANG_WARN_OBJC_ROOT_CLASS = YES_ERROR;
				CLANG_WARN_QUOTED_INCLUDE_IN_FRAMEWORK_HEADER = YES;
				CLANG_WARN_RANGE_LOOP_ANALYSIS = YES;
				CLANG_WARN_STRICT_PROTOTYPES = YES;
				CLANG_WARN_SUSPICIOUS_MOVE = YES;
				CLANG_WARN_UNGUARDED_AVAILABILITY = YES_AGGRESSIVE;
				CLANG_WARN_UNREACHABLE_CODE = YES;
				CLANG_WARN__DUPLICATE_METHOD_MATCH = YES;
				COPY_PHASE_STRIP = NO;
				DEBUG_INFORMATION_FORMAT = "dwarf-with-dsym";
				ENABLE_NS_ASSERTIONS = NO;
				ENABLE_STRICT_OBJC_MSGSEND = YES;
				GCC_C_LANGUAGE_STANDARD = gnu11;
				GCC_NO_COMMON_BLOCKS = YES;
				GCC_WARN_64_TO_32_BIT_CONVERSION = YES;
				GCC_WARN_ABOUT_RETURN_TYPE = YES_ERROR;
				GCC_WARN_UNDECLARED_SELECTOR = YES;
				GCC_WARN_UNINITIALIZED_AUTOS = YES_AGGRESSIVE;
				GCC_WARN_UNUSED_FUNCTION = YES;
				GCC_WARN_UNUSED_VARIABLE = YES;
				IPHONEOS_DEPLOYMENT_TARGET = 14.4;
				MTL_ENABLE_DEBUG_INFO = NO;
				MTL_FAST_MATH = YES;
				SDKROOT = iphoneos;
				SWIFT_COMPILATION_MODE = wholemodule;
				SWIFT_OPTIMIZATION_LEVEL = "-O";
				VALIDATE_PRODUCT = YES;
			};
			name = Release;
		};
		A56AA75D26013B9B0070A8AF /* Debug */ = {
			isa = XCBuildConfiguration;
			baseConfigurationReference = A31CC433F3FAD2B4F826649D /* Pods-RickAndMortyFlexx.debug.xcconfig */;
			buildSettings = {
				ASSETCATALOG_COMPILER_APPICON_NAME = AppIcon;
				ASSETCATALOG_COMPILER_GLOBAL_ACCENT_COLOR_NAME = AccentColor;
				CODE_SIGN_STYLE = Automatic;
				DEVELOPMENT_TEAM = KKUURD7MAF;
				INFOPLIST_FILE = RickAndMortyFlexx/Misc/Info.plist;
				LD_RUNPATH_SEARCH_PATHS = (
					"$(inherited)",
					"@executable_path/Frameworks",
				);
				PRODUCT_BUNDLE_IDENTIFIER = bragin.daniil.RickAndMortyFlexx;
				PRODUCT_NAME = "$(TARGET_NAME)";
				SWIFT_VERSION = 5.0;
				TARGETED_DEVICE_FAMILY = "1,2";
			};
			name = Debug;
		};
		A56AA75E26013B9B0070A8AF /* Release */ = {
			isa = XCBuildConfiguration;
			baseConfigurationReference = B7D265748F59619C84E1DEDD /* Pods-RickAndMortyFlexx.release.xcconfig */;
			buildSettings = {
				ASSETCATALOG_COMPILER_APPICON_NAME = AppIcon;
				ASSETCATALOG_COMPILER_GLOBAL_ACCENT_COLOR_NAME = AccentColor;
				CODE_SIGN_STYLE = Automatic;
				DEVELOPMENT_TEAM = KKUURD7MAF;
				INFOPLIST_FILE = RickAndMortyFlexx/Misc/Info.plist;
				LD_RUNPATH_SEARCH_PATHS = (
					"$(inherited)",
					"@executable_path/Frameworks",
				);
				PRODUCT_BUNDLE_IDENTIFIER = bragin.daniil.RickAndMortyFlexx;
				PRODUCT_NAME = "$(TARGET_NAME)";
				SWIFT_VERSION = 5.0;
				TARGETED_DEVICE_FAMILY = "1,2";
			};
			name = Release;
		};
/* End XCBuildConfiguration section */

/* Begin XCConfigurationList section */
		A56AA74326013B9A0070A8AF /* Build configuration list for PBXProject "RickAndMortyFlexx" */ = {
			isa = XCConfigurationList;
			buildConfigurations = (
				A56AA75A26013B9B0070A8AF /* Debug */,
				A56AA75B26013B9B0070A8AF /* Release */,
			);
			defaultConfigurationIsVisible = 0;
			defaultConfigurationName = Release;
		};
		A56AA75C26013B9B0070A8AF /* Build configuration list for PBXNativeTarget "RickAndMortyFlexx" */ = {
			isa = XCConfigurationList;
			buildConfigurations = (
				A56AA75D26013B9B0070A8AF /* Debug */,
				A56AA75E26013B9B0070A8AF /* Release */,
			);
			defaultConfigurationIsVisible = 0;
			defaultConfigurationName = Release;
		};
/* End XCConfigurationList section */
	};
	rootObject = A56AA74026013B9A0070A8AF /* Project object */;
}
